// !$*UTF8*$!
{
	archiveVersion = 1;
	classes = {
	};
	objectVersion = 46;
	objects = {

/* Begin PBXBuildFile section */
		25DAFB9C1C19C6D900B02976 /* AppDelegate.swift in Sources */ = {isa = PBXBuildFile; fileRef = 25DAFB9B1C19C6D900B02976 /* AppDelegate.swift */; };
		25DAFB9E1C19C6D900B02976 /* ViewController.swift in Sources */ = {isa = PBXBuildFile; fileRef = 25DAFB9D1C19C6D900B02976 /* ViewController.swift */; };
		25DAFBA11C19C6D900B02976 /* Main.storyboard in Resources */ = {isa = PBXBuildFile; fileRef = 25DAFB9F1C19C6D900B02976 /* Main.storyboard */; };
		25DAFBA31C19C6D900B02976 /* Assets.xcassets in Resources */ = {isa = PBXBuildFile; fileRef = 25DAFBA21C19C6D900B02976 /* Assets.xcassets */; };
		25DAFBA61C19C6D900B02976 /* LaunchScreen.storyboard in Resources */ = {isa = PBXBuildFile; fileRef = 25DAFBA41C19C6D900B02976 /* LaunchScreen.storyboard */; };
		25DAFBAE1C19C72900B02976 /* BHModalPushBackTransition.swift in Sources */ = {isa = PBXBuildFile; fileRef = 25DAFBAD1C19C72900B02976 /* BHModalPushBackTransition.swift */; };
		25DAFBB01C19C92000B02976 /* ModalViewController.swift in Sources */ = {isa = PBXBuildFile; fileRef = 25DAFBAF1C19C92000B02976 /* ModalViewController.swift */; };
/* End PBXBuildFile section */

/* Begin PBXFileReference section */
		25DAFB981C19C6D900B02976 /* BHModalPushBack.app */ = {isa = PBXFileReference; explicitFileType = wrapper.application; includeInIndex = 0; path = BHModalPushBack.app; sourceTree = BUILT_PRODUCTS_DIR; };
		25DAFB9B1C19C6D900B02976 /* AppDelegate.swift */ = {isa = PBXFileReference; lastKnownFileType = sourcecode.swift; path = AppDelegate.swift; sourceTree = "<group>"; };
		25DAFB9D1C19C6D900B02976 /* ViewController.swift */ = {isa = PBXFileReference; lastKnownFileType = sourcecode.swift; path = ViewController.swift; sourceTree = "<group>"; };
		25DAFBA01C19C6D900B02976 /* Base */ = {isa = PBXFileReference; lastKnownFileType = file.storyboard; name = Base; path = Base.lproj/Main.storyboard; sourceTree = "<group>"; };
		25DAFBA21C19C6D900B02976 /* Assets.xcassets */ = {isa = PBXFileReference; lastKnownFileType = folder.assetcatalog; path = Assets.xcassets; sourceTree = "<group>"; };
		25DAFBA51C19C6D900B02976 /* Base */ = {isa = PBXFileReference; lastKnownFileType = file.storyboard; name = Base; path = Base.lproj/LaunchScreen.storyboard; sourceTree = "<group>"; };
		25DAFBA71C19C6D900B02976 /* Info.plist */ = {isa = PBXFileReference; lastKnownFileType = text.plist.xml; path = Info.plist; sourceTree = "<group>"; };
		25DAFBAD1C19C72900B02976 /* BHModalPushBackTransition.swift */ = {isa = PBXFileReference; fileEncoding = 4; lastKnownFileType = sourcecode.swift; path = BHModalPushBackTransition.swift; sourceTree = "<group>"; };
		25DAFBAF1C19C92000B02976 /* ModalViewController.swift */ = {isa = PBXFileReference; fileEncoding = 4; lastKnownFileType = sourcecode.swift; path = ModalViewController.swift; sourceTree = "<group>"; };
/* End PBXFileReference section */

/* Begin PBXFrameworksBuildPhase section */
		25DAFB951C19C6D900B02976 /* Frameworks */ = {
			isa = PBXFrameworksBuildPhase;
			buildActionMask = 2147483647;
			files = (
			);
			runOnlyForDeploymentPostprocessing = 0;
		};
/* End PBXFrameworksBuildPhase section */

/* Begin PBXGroup section */
		25DAFB8F1C19C6D900B02976 = {
			isa = PBXGroup;
			children = (
				25DAFB9A1C19C6D900B02976 /* BHModalPushBack */,
				25DAFB991C19C6D900B02976 /* Products */,
			);
			sourceTree = "<group>";
		};
		25DAFB991C19C6D900B02976 /* Products */ = {
			isa = PBXGroup;
			children = (
				25DAFB981C19C6D900B02976 /* BHModalPushBack.app */,
			);
			name = Products;
			sourceTree = "<group>";
		};
		25DAFB9A1C19C6D900B02976 /* BHModalPushBack */ = {
			isa = PBXGroup;
			children = (
				25DAFB9B1C19C6D900B02976 /* AppDelegate.swift */,
				25DAFBAF1C19C92000B02976 /* ModalViewController.swift */,
				25DAFB9D1C19C6D900B02976 /* ViewController.swift */,
				25DAFBAD1C19C72900B02976 /* BHModalPushBackTransition.swift */,
				25DAFB9F1C19C6D900B02976 /* Main.storyboard */,
				25DAFBA21C19C6D900B02976 /* Assets.xcassets */,
				25DAFBA41C19C6D900B02976 /* LaunchScreen.storyboard */,
				25DAFBA71C19C6D900B02976 /* Info.plist */,
			);
			path = BHModalPushBack;
			sourceTree = "<group>";
		};
/* End PBXGroup section */

/* Begin PBXNativeTarget section */
		25DAFB971C19C6D900B02976 /* BHModalPushBack */ = {
			isa = PBXNativeTarget;
			buildConfigurationList = 25DAFBAA1C19C6D900B02976 /* Build configuration list for PBXNativeTarget "BHModalPushBack" */;
			buildPhases = (
				25DAFB941C19C6D900B02976 /* Sources */,
				25DAFB951C19C6D900B02976 /* Frameworks */,
				25DAFB961C19C6D900B02976 /* Resources */,
			);
			buildRules = (
			);
			dependencies = (
			);
			name = BHModalPushBack;
			productName = BHModalPushBack;
			productReference = 25DAFB981C19C6D900B02976 /* BHModalPushBack.app */;
			productType = "com.apple.product-type.application";
		};
/* End PBXNativeTarget section */

/* Begin PBXProject section */
		25DAFB901C19C6D900B02976 /* Project object */ = {
			isa = PBXProject;
			attributes = {
				LastSwiftUpdateCheck = 0720;
				LastUpgradeCheck = 0720;
				ORGANIZATIONNAME = Qanda;
				TargetAttributes = {
					25DAFB971C19C6D900B02976 = {
						CreatedOnToolsVersion = 7.2;
					};
				};
			};
			buildConfigurationList = 25DAFB931C19C6D900B02976 /* Build configuration list for PBXProject "BHModalPushBack" */;
			compatibilityVersion = "Xcode 3.2";
			developmentRegion = English;
			hasScannedForEncodings = 0;
			knownRegions = (
				en,
				Base,
			);
			mainGroup = 25DAFB8F1C19C6D900B02976;
			productRefGroup = 25DAFB991C19C6D900B02976 /* Products */;
			projectDirPath = "";
			projectRoot = "";
			targets = (
				25DAFB971C19C6D900B02976 /* BHModalPushBack */,
			);
		};
/* End PBXProject section */

/* Begin PBXResourcesBuildPhase section */
		25DAFB961C19C6D900B02976 /* Resources */ = {
			isa = PBXResourcesBuildPhase;
			buildActionMask = 2147483647;
			files = (
				25DAFBA61C19C6D900B02976 /* LaunchScreen.storyboard in Resources */,
				25DAFBA31C19C6D900B02976 /* Assets.xcassets in Resources */,
				25DAFBA11C19C6D900B02976 /* Main.storyboard in Resources */,
			);
			runOnlyForDeploymentPostprocessing = 0;
		};
/* End PBXResourcesBuildPhase section */

/* Begin PBXSourcesBuildPhase section */
		25DAFB941C19C6D900B02976 /* Sources */ = {
			isa = PBXSourcesBuildPhase;
			buildActionMask = 2147483647;
			files = (
				25DAFBB01C19C92000B02976 /* ModalViewController.swift in Sources */,
				25DAFBAE1C19C72900B02976 /* BHModalPushBackTransition.swift in Sources */,
				25DAFB9E1C19C6D900B02976 /* ViewController.swift in Sources */,
				25DAFB9C1C19C6D900B02976 /* AppDelegate.swift in Sources */,
			);
			runOnlyForDeploymentPostprocessing = 0;
		};
/* End PBXSourcesBuildPhase section */

/* Begin PBXVariantGroup section */
		25DAFB9F1C19C6D900B02976 /* Main.storyboard */ = {
			isa = PBXVariantGroup;
			children = (
				25DAFBA01C19C6D900B02976 /* Base */,
			);
			name = Main.storyboard;
			sourceTree = "<group>";
		};
		25DAFBA41C19C6D900B02976 /* LaunchScreen.storyboard */ = {
			isa = PBXVariantGroup;
			children = (
				25DAFBA51C19C6D900B02976 /* Base */,
			);
			name = LaunchScreen.storyboard;
			sourceTree = "<group>";
		};
/* End PBXVariantGroup section */

/* Begin XCBuildConfiguration section */
		25DAFBA81C19C6D900B02976 /* Debug */ = {
			isa = XCBuildConfiguration;
			buildSettings = {
				ALWAYS_SEARCH_USER_PATHS = NO;
				CLANG_CXX_LANGUAGE_STANDARD = "gnu++0x";
				CLANG_CXX_LIBRARY = "libc++";
				CLANG_ENABLE_MODULES = YES;
				CLANG_ENABLE_OBJC_ARC = YES;
				CLANG_WARN_BOOL_CONVERSION = YES;
				CLANG_WARN_CONSTANT_CONVERSION = YES;
				CLANG_WARN_DIRECT_OBJC_ISA_USAGE = YES_ERROR;
				CLANG_WARN_EMPTY_BODY = YES;
				CLANG_WARN_ENUM_CONVERSION = YES;
				CLANG_WARN_INT_CONVERSION = YES;
				CLANG_WARN_OBJC_ROOT_CLASS = YES_ERROR;
				CLANG_WARN_UNREACHABLE_CODE = YES;
				CLANG_WARN__DUPLICATE_METHOD_MATCH = YES;
				"CODE_SIGN_IDENTITY[sdk=iphoneos*]" = "iPhone Developer";
				COPY_PHASE_STRIP = NO;
				DEBUG_INFORMATION_FORMAT = dwarf;
				ENABLE_STRICT_OBJC_MSGSEND = YES;
				ENABLE_TESTABILITY = YES;
				GCC_C_LANGUAGE_STANDARD = gnu99;
				GCC_DYNAMIC_NO_PIC = NO;
				GCC_NO_COMMON_BLOCKS = YES;
				GCC_OPTIMIZATION_LEVEL = 0;
				GCC_PREPROCESSOR_DEFINITIONS = (
					"DEBUG=1",
					"$(inherited)",
				);
				GCC_WARN_64_TO_32_BIT_CONVERSION = YES;
				GCC_WARN_ABOUT_RETURN_TYPE = YES_ERROR;
				GCC_WARN_UNDECLARED_SELECTOR = YES;
				GCC_WARN_UNINITIALIZED_AUTOS = YES_AGGRESSIVE;
				GCC_WARN_UNUSED_FUNCTION = YES;
				GCC_WARN_UNUSED_VARIABLE = YES;
				IPHONEOS_DEPLOYMENT_TARGET = 9.2;
				MTL_ENABLE_DEBUG_INFO = YES;
				ONLY_ACTIVE_ARCH = YES;
				SDKROOT = iphoneos;
				SWIFT_OPTIMIZATION_LEVEL = "-Onone";
			};
			name = Debug;
		};
		25DAFBA91C19C6D900B02976 /* Release */ = {
			isa = XCBuildConfiguration;
			buildSettings = {
				ALWAYS_SEARCH_USER_PATHS = NO;
				CLANG_CXX_LANGUAGE_STANDARD = "gnu++0x";
				CLANG_CXX_LIBRARY = "libc++";
				CLANG_ENABLE_MODULES = YES;
				CLANG_ENABLE_OBJC_ARC = YES;
				CLANG_WARN_BOOL_CONVERSION = YES;
				CLANG_WARN_CONSTANT_CONVERSION = YES;
				CLANG_WARN_DIRECT_OBJC_ISA_USAGE = YES_ERROR;
				CLANG_WARN_EMPTY_BODY = YES;
				CLANG_WARN_ENUM_CONVERSION = YES;
				CLANG_WARN_INT_CONVERSION = YES;
				CLANG_WARN_OBJC_ROOT_CLASS = YES_ERROR;
				CLANG_WARN_UNREACHABLE_CODE = YES;
				CLANG_WARN__DUPLICATE_METHOD_MATCH = YES;
				"CODE_SIGN_IDENTITY[sdk=iphoneos*]" = "iPhone Developer";
				COPY_PHASE_STRIP = NO;
				DEBUG_INFORMATION_FORMAT = "dwarf-with-dsym";
				ENABLE_NS_ASSERTIONS = NO;
				ENABLE_STRICT_OBJC_MSGSEND = YES;
				GCC_C_LANGUAGE_STANDARD = gnu99;
				GCC_NO_COMMON_BLOCKS = YES;
				GCC_WARN_64_TO_32_BIT_CONVERSION = YES;
				GCC_WARN_ABOUT_RETURN_TYPE = YES_ERROR;
				GCC_WARN_UNDECLARED_SELECTOR = YES;
				GCC_WARN_UNINITIALIZED_AUTOS = YES_AGGRESSIVE;
				GCC_WARN_UNUSED_FUNCTION = YES;
				GCC_WARN_UNUSED_VARIABLE = YES;
				IPHONEOS_DEPLOYMENT_TARGET = 9.2;
				MTL_ENABLE_DEBUG_INFO = NO;
				SDKROOT = iphoneos;
				VALIDATE_PRODUCT = YES;
			};
			name = Release;
		};
		25DAFBAB1C19C6D900B02976 /* Debug */ = {
			isa = XCBuildConfiguration;
			buildSettings = {
				ASSETCATALOG_COMPILER_APPICON_NAME = AppIcon;
				INFOPLIST_FILE = BHModalPushBack/Info.plist;
				LD_RUNPATH_SEARCH_PATHS = "$(inherited) @executable_path/Frameworks";
				PRODUCT_BUNDLE_IDENTIFIER = fr.miamr.BHModalPushBack;
				PRODUCT_NAME = "$(TARGET_NAME)";
			};
			name = Debug;
		};
		25DAFBAC1C19C6D900B02976 /* Release */ = {
			isa = XCBuildConfiguration;
			buildSettings = {
				ASSETCATALOG_COMPILER_APPICON_NAME = AppIcon;
				INFOPLIST_FILE = BHModalPushBack/Info.plist;
				LD_RUNPATH_SEARCH_PATHS = "$(inherited) @executable_path/Frameworks";
				PRODUCT_BUNDLE_IDENTIFIER = fr.miamr.BHModalPushBack;
				PRODUCT_NAME = "$(TARGET_NAME)";
			};
			name = Release;
		};
/* End XCBuildConfiguration section */

/* Begin XCConfigurationList section */
		25DAFB931C19C6D900B02976 /* Build configuration list for PBXProject "BHModalPushBack" */ = {
			isa = XCConfigurationList;
			buildConfigurations = (
				25DAFBA81C19C6D900B02976 /* Debug */,
				25DAFBA91C19C6D900B02976 /* Release */,
			);
			defaultConfigurationIsVisible = 0;
			defaultConfigurationName = Release;
		};
		25DAFBAA1C19C6D900B02976 /* Build configuration list for PBXNativeTarget "BHModalPushBack" */ = {
			isa = XCConfigurationList;
			buildConfigurations = (
				25DAFBAB1C19C6D900B02976 /* Debug */,
				25DAFBAC1C19C6D900B02976 /* Release */,
			);
			defaultConfigurationIsVisible = 0;
		};
/* End XCConfigurationList section */
	};
	rootObject = 25DAFB901C19C6D900B02976 /* Project object */;
}
